
Microsoft Visual Studio Solution File, Format Version 12.00
# Visual Studio 14
VisualStudioVersion = 14.0.25420.1
MinimumVisualStudioVersion = 10.0.40219.1
Project("{FAE04EC0-301F-11D3-BF4B-00C04F79EFBC}") = "AutoSendMessageOnWeb", "AutoSendMessageOnWeb\AutoSendMessageOnWeb.csproj", "{659369DE-8CC6-4C42-81B0-97B29F24886B}"
EndProject
Project("{FAE04EC0-301F-11D3-BF4B-00C04F79EFBC}") = "AutoSendMessageOnWeb.Lib", "AutoSendMessageOnWeb.Lib\AutoSendMessageOnWeb.Lib.csproj", "{1A73BBCF-70A9-46B3-B834-C918981A6200}"
EndProject
Project("{FAE04EC0-301F-11D3-BF4B-00C04F79EFBC}") = "AutoSendMessageOnWeb.Data", "AutoSendMessageOnWeb.Data\AutoSendMessageOnWeb.Data.csproj", "{C66AE77A-3145-459A-BF8C-6B0CE6759FC1}"
EndProject
Project("{FAE04EC0-301F-11D3-BF4B-00C04F79EFBC}") = "AutoSendMessageOnWeb.CreateKey", "AutoSendMessageOnWeb.CreateKey\AutoSendMessageOnWeb.CreateKey.csproj", "{805CD190-9C12-45D9-9237-1872C509BA07}"
EndProject
Project("{2150E333-8FDC-42A3-9474-1A3956D46DE8}") = "DLL", "DLL", "{057262FF-AB0D-4138-B81F-8C0D5A1CA75B}"
	ProjectSection(SolutionItems) = preProject
		DLL\ThuVienWinform.UI.dll = DLL\ThuVienWinform.UI.dll
		DLL\ThuVienWinform.UI.FLat.CommonControls.dll = DLL\ThuVienWinform.UI.FLat.CommonControls.dll
		DLL\ThuVienWinform.UI.Flat.Containers.dll = DLL\ThuVienWinform.UI.Flat.Containers.dll
		DLL\ThuVienWinform.UI.Flat.Data.dll = DLL\ThuVienWinform.UI.Flat.Data.dll
	EndProjectSection
EndProject
Global
	GlobalSection(SolutionConfigurationPlatforms) = preSolution
		Debug|Any CPU = Debug|Any CPU
		Release|Any CPU = Release|Any CPU
	EndGlobalSection
	GlobalSection(ProjectConfigurationPlatforms) = postSolution
		{659369DE-8CC6-4C42-81B0-97B29F24886B}.Debug|Any CPU.ActiveCfg = Debug|Any CPU
		{659369DE-8CC6-4C42-81B0-97B29F24886B}.Debug|Any CPU.Build.0 = Debug|Any CPU
		{659369DE-8CC6-4C42-81B0-97B29F24886B}.Release|Any CPU.ActiveCfg = Release|Any CPU
		{659369DE-8CC6-4C42-81B0-97B29F24886B}.Release|Any CPU.Build.0 = Release|Any CPU
		{1A73BBCF-70A9-46B3-B834-C918981A6200}.Debug|Any CPU.ActiveCfg = Debug|Any CPU
		{1A73BBCF-70A9-46B3-B834-C918981A6200}.Debug|Any CPU.Build.0 = Debug|Any CPU
		{1A73BBCF-70A9-46B3-B834-C918981A6200}.Release|Any CPU.ActiveCfg = Release|Any CPU
		{1A73BBCF-70A9-46B3-B834-C918981A6200}.Release|Any CPU.Build.0 = Release|Any CPU
		{C66AE77A-3145-459A-BF8C-6B0CE6759FC1}.Debug|Any CPU.ActiveCfg = Debug|Any CPU
		{C66AE77A-3145-459A-BF8C-6B0CE6759FC1}.Debug|Any CPU.Build.0 = Debug|Any CPU
		{C66AE77A-3145-459A-BF8C-6B0CE6759FC1}.Release|Any CPU.ActiveCfg = Release|Any CPU
		{C66AE77A-3145-459A-BF8C-6B0CE6759FC1}.Release|Any CPU.Build.0 = Release|Any CPU
		{805CD190-9C12-45D9-9237-1872C509BA07}.Debug|Any CPU.ActiveCfg = Debug|Any CPU
		{805CD190-9C12-45D9-9237-1872C509BA07}.Debug|Any CPU.Build.0 = Debug|Any CPU
		{805CD190-9C12-45D9-9237-1872C509BA07}.Release|Any CPU.ActiveCfg = Release|Any CPU
		{805CD190-9C12-45D9-9237-1872C509BA07}.Release|Any CPU.Build.0 = Release|Any CPU
	EndGlobalSection
	GlobalSection(SolutionProperties) = preSolution
		HideSolutionNode = FALSE
	EndGlobalSection
EndGlobal
